<?xml version="1.0" encoding="utf-8"?>
<Project ToolsVersion="4.0" xmlns="http://schemas.microsoft.com/developer/msbuild/2003">
  <ItemGroup>
    <Filter Include="Source Files">
      <UniqueIdentifier>{4FC737F1-C7A5-4376-A066-2A32D752A2FF}</UniqueIdentifier>
      <Extensions>cpp;c;cc;cxx;c++;cppm;ixx;def;odl;idl;hpj;bat;asm;asmx</Extensions>
    </Filter>
    <Filter Include="Headers">
      <UniqueIdentifier>{a01e5b3e-adf6-4c61-845b-4e4622fde1d6}</UniqueIdentifier>
    </Filter>
    <Filter Include="GameEngine">
      <UniqueIdentifier>{2d5f6a5f-d206-455b-ad1d-d9541e7b3222}</UniqueIdentifier>
    </Filter>
    <Filter Include="GameEngine\MonoBehavior">
      <UniqueIdentifier>{df92127a-c2ea-4be0-a1ea-ba4a9d38ab91}</UniqueIdentifier>
    </Filter>
    <Filter Include="GameEngine\MonoBehavior\GameObject">
      <UniqueIdentifier>{79248b94-52e7-4d9a-abfc-4b6d0b600218}</UniqueIdentifier>
    </Filter>
    <Filter Include="GameEngine\MonoBehavior\GameManager">
      <UniqueIdentifier>{0609ba0d-bcfa-46c0-b1f4-a70936b93a1a}</UniqueIdentifier>
    </Filter>
    <Filter Include="GameEngine\MonoBehavior\GameObject\Entity">
      <UniqueIdentifier>{7c5f2e82-5e2e-47cd-b8b6-ed6d84615422}</UniqueIdentifier>
    </Filter>
    <Filter Include="GameEngine\MonoBehavior\GameObject\Entity\RoundEntity">
      <UniqueIdentifier>{9e7c49df-1428-493e-ae82-222357f6658e}</UniqueIdentifier>
    </Filter>
    <Filter Include="GameEngine\MonoBehavior\GameObject\Entity\RectangleEntity">
      <UniqueIdentifier>{620e4523-1d56-4201-9dc9-5641a40fd461}</UniqueIdentifier>
    </Filter>
    <Filter Include="GameEngine\MonoBehavior\GameObject\Entity\RectangleEntity\Brick">
      <UniqueIdentifier>{e1d9df4d-0802-4425-99cd-f457287db5a4}</UniqueIdentifier>
    </Filter>
    <Filter Include="GameEngine\MonoBehavior\GameObject\Entity\RoundEntity\Bonus">
      <UniqueIdentifier>{8650b3bb-3de8-4d0e-96df-0d7d4d6f59b8}</UniqueIdentifier>
    </Filter>
    <Filter Include="GameEngine\MonoBehavior\GameObject\Entity\RectangleEntity\Player">
      <UniqueIdentifier>{fcd35f73-bc25-4ccb-8105-db592f8d4b39}</UniqueIdentifier>
    </Filter>
    <Filter Include="GameEngine\MonoBehavior\Others">
      <UniqueIdentifier>{641c8ce2-5a08-4f70-af82-3f5269adb99f}</UniqueIdentifier>
    </Filter>
    <Filter Include="GameEngine\MonoBehavior\GameObject\Entity\RoundEntity\Ball">
      <UniqueIdentifier>{1e0e9273-f495-4970-8f1d-3d392a9582ec}</UniqueIdentifier>
    </Filter>
    <Filter Include="GameEngine\MonoBehavior\GameObject\Entity\RoundEntity\Bonus\Sticky">
      <UniqueIdentifier>{939dddc5-0255-4287-ab64-e4a3996a3db1}</UniqueIdentifier>
    </Filter>
    <Filter Include="GameEngine\MonoBehavior\UIManager">
      <UniqueIdentifier>{77561dea-3dba-43bc-9013-14b6751d6e01}</UniqueIdentifier>
    </Filter>
  </ItemGroup>
  <ItemGroup>
    <ClCompile Include="FMSLLeRetour.cpp">
      <Filter>Source Files</Filter>
    </ClCompile>
    <ClCompile Include="Global.cpp">
      <Filter>Headers</Filter>
    </ClCompile>
    <ClCompile Include="GameObject.cpp">
      <Filter>GameEngine\MonoBehavior\GameObject</Filter>
    </ClCompile>
    <ClCompile Include="MonoBehavior.cpp">
      <Filter>GameEngine\MonoBehavior</Filter>
    </ClCompile>
    <ClCompile Include="Entity.cpp">
      <Filter>GameEngine\MonoBehavior\GameObject\Entity</Filter>
    </ClCompile>
    <ClCompile Include="Brick.cpp">
      <Filter>GameEngine\MonoBehavior\GameObject\Entity\RectangleEntity\Brick</Filter>
    </ClCompile>
    <ClCompile Include="Player.cpp">
      <Filter>GameEngine\MonoBehavior\GameObject\Entity\RectangleEntity\Player</Filter>
    </ClCompile>
    <ClCompile Include="GameManager.cpp">
      <Filter>GameEngine\MonoBehavior\GameManager</Filter>
    </ClCompile>
    <ClCompile Include="Bonus.cpp">
      <Filter>GameEngine\MonoBehavior\GameObject\Entity\RoundEntity\Bonus</Filter>
    </ClCompile>
    <ClCompile Include="RectangleEntity.cpp">
      <Filter>GameEngine\MonoBehavior\GameObject\Entity\RectangleEntity</Filter>
    </ClCompile>
    <ClCompile Include="RoundEntity.cpp">
      <Filter>GameEngine\MonoBehavior\GameObject\Entity\RoundEntity</Filter>
    </ClCompile>
    <ClCompile Include="Ball.cpp">
      <Filter>GameEngine\MonoBehavior\GameObject\Entity\RoundEntity\Ball</Filter>
    </ClCompile>
    <ClCompile Include="StickBonus.cpp">
      <Filter>GameEngine\MonoBehavior\GameObject\Entity\RoundEntity\Bonus\Sticky</Filter>
    </ClCompile>
    <ClCompile Include="UIManager.cpp">
      <Filter>GameEngine\MonoBehavior\UIManager</Filter>
    </ClCompile>
    <ClCompile Include="YellowBrick.cpp">
      <Filter>GameEngine\MonoBehavior\GameObject\Entity\RectangleEntity\Brick</Filter>
    </ClCompile>
  </ItemGroup>
  <ItemGroup>
    <ClInclude Include="Global.h">
      <Filter>Headers</Filter>
    </ClInclude>
    <ClInclude Include="GameObject.h">
      <Filter>GameEngine\MonoBehavior\GameObject</Filter>
    </ClInclude>
    <ClInclude Include="MonoBehavior.h">
      <Filter>GameEngine\MonoBehavior</Filter>
    </ClInclude>
    <ClInclude Include="Entity.h">
      <Filter>GameEngine\MonoBehavior\GameObject\Entity</Filter>
    </ClInclude>
    <ClInclude Include="Brick.h">
      <Filter>GameEngine\MonoBehavior\GameObject\Entity\RectangleEntity\Brick</Filter>
    </ClInclude>
    <ClInclude Include="Player.h">
      <Filter>GameEngine\MonoBehavior\GameObject\Entity\RectangleEntity\Player</Filter>
    </ClInclude>
    <ClInclude Include="GameManager.h">
      <Filter>GameEngine\MonoBehavior\GameManager</Filter>
    </ClInclude>
    <ClInclude Include="Bonus.h">
      <Filter>GameEngine\MonoBehavior\GameObject\Entity\RoundEntity\Bonus</Filter>
    </ClInclude>
    <ClInclude Include="RectangleEntity.h">
      <Filter>GameEngine\MonoBehavior\GameObject\Entity\RectangleEntity</Filter>
    </ClInclude>
    <ClInclude Include="RoundEntity.h">
      <Filter>GameEngine\MonoBehavior\GameObject\Entity\RoundEntity</Filter>
    </ClInclude>
    <ClInclude Include="Utils.h">
      <Filter>GameEngine\MonoBehavior\Others</Filter>
    </ClInclude>
    <ClInclude Include="Enums.h">
      <Filter>GameEngine\MonoBehavior\Others</Filter>
    </ClInclude>
    <ClInclude Include="Ball.h">
      <Filter>GameEngine\MonoBehavior\GameObject\Entity\RoundEntity\Ball</Filter>
    </ClInclude>
    <ClInclude Include="StickBonus.h">
      <Filter>GameEngine\MonoBehavior\GameObject\Entity\RoundEntity\Bonus\Sticky</Filter>
    </ClInclude>
    <ClInclude Include="UIManager.h">
      <Filter>GameEngine\MonoBehavior\UIManager</Filter>
    </ClInclude>
    <ClInclude Include="YellowBrick.h">
      <Filter>GameEngine\MonoBehavior\GameObject\Entity\RectangleEntity\Brick</Filter>
    </ClInclude>
  </ItemGroup>
</Project>